github.com/JoeEdwardsCode/click-stats/utils v0.0.0-20220725022524-340a8c295847 h1:ast2pXP5z+GfleeUo0sYbJ6apRYv8iUFEgpTMMJGSQI=
github.com/JoeEdwardsCode/click-stats/utils v0.0.0-20220725022524-340a8c295847/go.mod h1:6ubrzbampMCqr9LdvqSryPSxBPo/eBYbIsHbYqtArhk=
github.com/JoeEdwardsCode/click-stats/utils v0.0.0-20220725024549-4cefe053450e h1:/QdDU6JITajgosPglH/YLiVT90HH8FU0ASTHTAeD4dg=
github.com/JoeEdwardsCode/click-stats/utils v0.0.0-20220725024549-4cefe053450e/go.mod h1:vNO5VSw9QjXr3TgUmkL/R3Y45Gwh3E3lM6ACV/yoS+8=
github.com/aws/aws-lambda-go v1.33.0 h1:n4kw3zie82vPpLLN58ahlYHBz9k8QeK2svQep+jGnB8=
github.com/aws/aws-lambda-go v1.33.0/go.mod h1:jwFe2KmMsHmffA1X2R09hH6lFzJQxzI8qK17ewzbQMM=
